
Microsoft Visual Studio Solution File, Format Version 12.00
# Visual Studio 15
VisualStudioVersion = 15.0.27130.2027
MinimumVisualStudioVersion = 10.0.40219.1
Project("{9A19103F-16F7-4668-BE54-9A1E7A4F7556}") = "StoreControl", "StoreControl\StoreControl.csproj", "{AEB0999B-CE17-4828-BC41-967783739713}"
EndProject
Project("{FAE04EC0-301F-11D3-BF4B-00C04F79EFBC}") = "StoreControl.Infrastructure", "StoreControl.Infrastructure\StoreControl.Infrastructure.csproj", "{BB771B8E-A1D9-48B8-B9A9-9661C2E9735B}"
EndProject
Project("{FAE04EC0-301F-11D3-BF4B-00C04F79EFBC}") = "StoreControl.Shared", "StoreControl.Shared\StoreControl.Shared.csproj", "{D3595B8D-A1D3-4434-BDA4-E3BA6EDD8F4A}"
EndProject
Global
	GlobalSection(SolutionConfigurationPlatforms) = preSolution
		Debug|Any CPU = Debug|Any CPU
		Release|Any CPU = Release|Any CPU
	EndGlobalSection
	GlobalSection(ProjectConfigurationPlatforms) = postSolution
		{AEB0999B-CE17-4828-BC41-967783739713}.Debug|Any CPU.ActiveCfg = Debug|Any CPU
		{AEB0999B-CE17-4828-BC41-967783739713}.Debug|Any CPU.Build.0 = Debug|Any CPU
		{AEB0999B-CE17-4828-BC41-967783739713}.Release|Any CPU.ActiveCfg = Release|Any CPU
		{AEB0999B-CE17-4828-BC41-967783739713}.Release|Any CPU.Build.0 = Release|Any CPU
		{BB771B8E-A1D9-48B8-B9A9-9661C2E9735B}.Debug|Any CPU.ActiveCfg = Debug|Any CPU
		{BB771B8E-A1D9-48B8-B9A9-9661C2E9735B}.Debug|Any CPU.Build.0 = Debug|Any CPU
		{BB771B8E-A1D9-48B8-B9A9-9661C2E9735B}.Release|Any CPU.ActiveCfg = Release|Any CPU
		{BB771B8E-A1D9-48B8-B9A9-9661C2E9735B}.Release|Any CPU.Build.0 = Release|Any CPU
		{D3595B8D-A1D3-4434-BDA4-E3BA6EDD8F4A}.Debug|Any CPU.ActiveCfg = Debug|Any CPU
		{D3595B8D-A1D3-4434-BDA4-E3BA6EDD8F4A}.Debug|Any CPU.Build.0 = Debug|Any CPU
		{D3595B8D-A1D3-4434-BDA4-E3BA6EDD8F4A}.Release|Any CPU.ActiveCfg = Release|Any CPU
		{D3595B8D-A1D3-4434-BDA4-E3BA6EDD8F4A}.Release|Any CPU.Build.0 = Release|Any CPU
	EndGlobalSection
	GlobalSection(SolutionProperties) = preSolution
		HideSolutionNode = FALSE
	EndGlobalSection
	GlobalSection(ExtensibilityGlobals) = postSolution
		SolutionGuid = {CD19FFC4-5906-4995-85BD-1603077E5035}
	EndGlobalSection
EndGlobal
